// !$*UTF8*$!
{
	archiveVersion = 1;
	classes = {
	};
	objectVersion = 46;
	objects = {

/* Begin PBXBuildFile section */
		5A432EFC824481AD3A7143B4 /* Pods_WeatherApp.framework in Frameworks */ = {isa = PBXBuildFile; fileRef = 16F3D6BB23D229D2F3D93C4E /* Pods_WeatherApp.framework */; };
		911FC2431E58063200230EC0 /* Location.swift in Sources */ = {isa = PBXBuildFile; fileRef = 911FC2421E58063200230EC0 /* Location.swift */; };
		9120EF631E56DC040038F265 /* Forecast.swift in Sources */ = {isa = PBXBuildFile; fileRef = 9120EF621E56DC040038F265 /* Forecast.swift */; };
		9120EF651E56EA940038F265 /* WeatherCell.swift in Sources */ = {isa = PBXBuildFile; fileRef = 9120EF641E56EA940038F265 /* WeatherCell.swift */; };
		912458E51E554131001EB821 /* AppDelegate.swift in Sources */ = {isa = PBXBuildFile; fileRef = 912458E41E554131001EB821 /* AppDelegate.swift */; };
		912458E71E554131001EB821 /* WeatherVC.swift in Sources */ = {isa = PBXBuildFile; fileRef = 912458E61E554131001EB821 /* WeatherVC.swift */; };
		912458EA1E554131001EB821 /* Main.storyboard in Resources */ = {isa = PBXBuildFile; fileRef = 912458E81E554131001EB821 /* Main.storyboard */; };
		912458EC1E554131001EB821 /* Assets.xcassets in Resources */ = {isa = PBXBuildFile; fileRef = 912458EB1E554131001EB821 /* Assets.xcassets */; };
		912458EF1E554131001EB821 /* LaunchScreen.storyboard in Resources */ = {isa = PBXBuildFile; fileRef = 912458ED1E554131001EB821 /* LaunchScreen.storyboard */; };
		912458FA1E554131001EB821 /* WeatherAppTests.swift in Sources */ = {isa = PBXBuildFile; fileRef = 912458F91E554131001EB821 /* WeatherAppTests.swift */; };
		912459051E554132001EB821 /* WeatherAppUITests.swift in Sources */ = {isa = PBXBuildFile; fileRef = 912459041E554132001EB821 /* WeatherAppUITests.swift */; };
		912459161E55698F001EB821 /* Constants.swift in Sources */ = {isa = PBXBuildFile; fileRef = 912459151E55698F001EB821 /* Constants.swift */; };
		912459181E556DF0001EB821 /* CurrentWeather.swift in Sources */ = {isa = PBXBuildFile; fileRef = 912459171E556DF0001EB821 /* CurrentWeather.swift */; };
/* End PBXBuildFile section */

/* Begin PBXContainerItemProxy section */
		912458F61E554131001EB821 /* PBXContainerItemProxy */ = {
			isa = PBXContainerItemProxy;
			containerPortal = 912458D91E554131001EB821 /* Project object */;
			proxyType = 1;
			remoteGlobalIDString = 912458E01E554131001EB821;
			remoteInfo = WeatherApp;
		};
		912459011E554132001EB821 /* PBXContainerItemProxy */ = {
			isa = PBXContainerItemProxy;
			containerPortal = 912458D91E554131001EB821 /* Project object */;
			proxyType = 1;
			remoteGlobalIDString = 912458E01E554131001EB821;
			remoteInfo = WeatherApp;
		};
/* End PBXContainerItemProxy section */

/* Begin PBXFileReference section */
		16F3D6BB23D229D2F3D93C4E /* Pods_WeatherApp.framework */ = {isa = PBXFileReference; explicitFileType = wrapper.framework; includeInIndex = 0; path = Pods_WeatherApp.framework; sourceTree = BUILT_PRODUCTS_DIR; };
		7C2AC644FB3FEB86358AB8A4 /* Pods-WeatherApp.debug.xcconfig */ = {isa = PBXFileReference; includeInIndex = 1; lastKnownFileType = text.xcconfig; name = "Pods-WeatherApp.debug.xcconfig"; path = "Pods/Target Support Files/Pods-WeatherApp/Pods-WeatherApp.debug.xcconfig"; sourceTree = "<group>"; };
		7FC18EFB63FE386221B30680 /* Pods-WeatherApp.release.xcconfig */ = {isa = PBXFileReference; includeInIndex = 1; lastKnownFileType = text.xcconfig; name = "Pods-WeatherApp.release.xcconfig"; path = "Pods/Target Support Files/Pods-WeatherApp/Pods-WeatherApp.release.xcconfig"; sourceTree = "<group>"; };
		911FC2421E58063200230EC0 /* Location.swift */ = {isa = PBXFileReference; fileEncoding = 4; lastKnownFileType = sourcecode.swift; path = Location.swift; sourceTree = "<group>"; };
		9120EF621E56DC040038F265 /* Forecast.swift */ = {isa = PBXFileReference; fileEncoding = 4; lastKnownFileType = sourcecode.swift; path = Forecast.swift; sourceTree = "<group>"; };
		9120EF641E56EA940038F265 /* WeatherCell.swift */ = {isa = PBXFileReference; fileEncoding = 4; lastKnownFileType = sourcecode.swift; path = WeatherCell.swift; sourceTree = "<group>"; };
		912458E11E554131001EB821 /* WeatherApp.app */ = {isa = PBXFileReference; explicitFileType = wrapper.application; includeInIndex = 0; path = WeatherApp.app; sourceTree = BUILT_PRODUCTS_DIR; };
		912458E41E554131001EB821 /* AppDelegate.swift */ = {isa = PBXFileReference; lastKnownFileType = sourcecode.swift; path = AppDelegate.swift; sourceTree = "<group>"; };
		912458E61E554131001EB821 /* WeatherVC.swift */ = {isa = PBXFileReference; lastKnownFileType = sourcecode.swift; path = WeatherVC.swift; sourceTree = "<group>"; };
		912458E91E554131001EB821 /* Base */ = {isa = PBXFileReference; lastKnownFileType = file.storyboard; name = Base; path = Base.lproj/Main.storyboard; sourceTree = "<group>"; };
		912458EB1E554131001EB821 /* Assets.xcassets */ = {isa = PBXFileReference; lastKnownFileType = folder.assetcatalog; path = Assets.xcassets; sourceTree = "<group>"; };
		912458EE1E554131001EB821 /* Base */ = {isa = PBXFileReference; lastKnownFileType = file.storyboard; name = Base; path = Base.lproj/LaunchScreen.storyboard; sourceTree = "<group>"; };
		912458F01E554131001EB821 /* Info.plist */ = {isa = PBXFileReference; lastKnownFileType = text.plist.xml; path = Info.plist; sourceTree = "<group>"; };
		912458F51E554131001EB821 /* WeatherAppTests.xctest */ = {isa = PBXFileReference; explicitFileType = wrapper.cfbundle; includeInIndex = 0; path = WeatherAppTests.xctest; sourceTree = BUILT_PRODUCTS_DIR; };
		912458F91E554131001EB821 /* WeatherAppTests.swift */ = {isa = PBXFileReference; lastKnownFileType = sourcecode.swift; path = WeatherAppTests.swift; sourceTree = "<group>"; };
		912458FB1E554131001EB821 /* Info.plist */ = {isa = PBXFileReference; lastKnownFileType = text.plist.xml; path = Info.plist; sourceTree = "<group>"; };
		912459001E554132001EB821 /* WeatherAppUITests.xctest */ = {isa = PBXFileReference; explicitFileType = wrapper.cfbundle; includeInIndex = 0; path = WeatherAppUITests.xctest; sourceTree = BUILT_PRODUCTS_DIR; };
		912459041E554132001EB821 /* WeatherAppUITests.swift */ = {isa = PBXFileReference; lastKnownFileType = sourcecode.swift; path = WeatherAppUITests.swift; sourceTree = "<group>"; };
		912459061E554132001EB821 /* Info.plist */ = {isa = PBXFileReference; lastKnownFileType = text.plist.xml; path = Info.plist; sourceTree = "<group>"; };
		912459151E55698F001EB821 /* Constants.swift */ = {isa = PBXFileReference; fileEncoding = 4; lastKnownFileType = sourcecode.swift; path = Constants.swift; sourceTree = "<group>"; };
		912459171E556DF0001EB821 /* CurrentWeather.swift */ = {isa = PBXFileReference; fileEncoding = 4; lastKnownFileType = sourcecode.swift; path = CurrentWeather.swift; sourceTree = "<group>"; };
/* End PBXFileReference section */

/* Begin PBXFrameworksBuildPhase section */
		912458DE1E554131001EB821 /* Frameworks */ = {
			isa = PBXFrameworksBuildPhase;
			buildActionMask = 2147483647;
			files = (
				5A432EFC824481AD3A7143B4 /* Pods_WeatherApp.framework in Frameworks */,
			);
			runOnlyForDeploymentPostprocessing = 0;
		};
		912458F21E554131001EB821 /* Frameworks */ = {
			isa = PBXFrameworksBuildPhase;
			buildActionMask = 2147483647;
			files = (
			);
			runOnlyForDeploymentPostprocessing = 0;
		};
		912458FD1E554132001EB821 /* Frameworks */ = {
			isa = PBXFrameworksBuildPhase;
			buildActionMask = 2147483647;
			files = (
			);
			runOnlyForDeploymentPostprocessing = 0;
		};
/* End PBXFrameworksBuildPhase section */

/* Begin PBXGroup section */
		912458D81E554131001EB821 = {
			isa = PBXGroup;
			children = (
				912458E31E554131001EB821 /* WeatherApp */,
				912458F81E554131001EB821 /* WeatherAppTests */,
				912459031E554132001EB821 /* WeatherAppUITests */,
				912458E21E554131001EB821 /* Products */,
				C45FBB8CE5B0220F52612685 /* Pods */,
				A7B57E54E4AECBB8C3654629 /* Frameworks */,
			);
			sourceTree = "<group>";
		};
		912458E21E554131001EB821 /* Products */ = {
			isa = PBXGroup;
			children = (
				912458E11E554131001EB821 /* WeatherApp.app */,
				912458F51E554131001EB821 /* WeatherAppTests.xctest */,
				912459001E554132001EB821 /* WeatherAppUITests.xctest */,
			);
			name = Products;
			sourceTree = "<group>";
		};
		912458E31E554131001EB821 /* WeatherApp */ = {
			isa = PBXGroup;
			children = (
				912459141E556902001EB821 /* Model */,
				912459131E5568FE001EB821 /* View */,
				912459121E5568F9001EB821 /* Controller */,
				912458E41E554131001EB821 /* AppDelegate.swift */,
				912458EB1E554131001EB821 /* Assets.xcassets */,
				912458F01E554131001EB821 /* Info.plist */,
			);
			path = WeatherApp;
			sourceTree = "<group>";
		};
		912458F81E554131001EB821 /* WeatherAppTests */ = {
			isa = PBXGroup;
			children = (
				912458F91E554131001EB821 /* WeatherAppTests.swift */,
				912458FB1E554131001EB821 /* Info.plist */,
			);
			path = WeatherAppTests;
			sourceTree = "<group>";
		};
		912459031E554132001EB821 /* WeatherAppUITests */ = {
			isa = PBXGroup;
			children = (
				912459041E554132001EB821 /* WeatherAppUITests.swift */,
				912459061E554132001EB821 /* Info.plist */,
			);
			path = WeatherAppUITests;
			sourceTree = "<group>";
		};
		912459121E5568F9001EB821 /* Controller */ = {
			isa = PBXGroup;
			children = (
				912458E61E554131001EB821 /* WeatherVC.swift */,
			);
			name = Controller;
			sourceTree = "<group>";
		};
		912459131E5568FE001EB821 /* View */ = {
			isa = PBXGroup;
			children = (
				912458E81E554131001EB821 /* Main.storyboard */,
				912458ED1E554131001EB821 /* LaunchScreen.storyboard */,
			);
			name = View;
			sourceTree = "<group>";
		};
		912459141E556902001EB821 /* Model */ = {
			isa = PBXGroup;
			children = (
				912459151E55698F001EB821 /* Constants.swift */,
				912459171E556DF0001EB821 /* CurrentWeather.swift */,
				9120EF621E56DC040038F265 /* Forecast.swift */,
				9120EF641E56EA940038F265 /* WeatherCell.swift */,
				911FC2421E58063200230EC0 /* Location.swift */,
			);
			name = Model;
			sourceTree = "<group>";
		};
		A7B57E54E4AECBB8C3654629 /* Frameworks */ = {
			isa = PBXGroup;
			children = (
				16F3D6BB23D229D2F3D93C4E /* Pods_WeatherApp.framework */,
			);
			name = Frameworks;
			sourceTree = "<group>";
		};
		C45FBB8CE5B0220F52612685 /* Pods */ = {
			isa = PBXGroup;
			children = (
				7C2AC644FB3FEB86358AB8A4 /* Pods-WeatherApp.debug.xcconfig */,
				7FC18EFB63FE386221B30680 /* Pods-WeatherApp.release.xcconfig */,
			);
			name = Pods;
			sourceTree = "<group>";
		};
/* End PBXGroup section */

/* Begin PBXNativeTarget section */
		912458E01E554131001EB821 /* WeatherApp */ = {
			isa = PBXNativeTarget;
			buildConfigurationList = 912459091E554132001EB821 /* Build configuration list for PBXNativeTarget "WeatherApp" */;
			buildPhases = (
				784BD4D3EEA4C935F5D32F54 /* [CP] Check Pods Manifest.lock */,
				912458DD1E554131001EB821 /* Sources */,
				912458DE1E554131001EB821 /* Frameworks */,
				912458DF1E554131001EB821 /* Resources */,
				D4D39238A1BA3EE4456AF695 /* [CP] Embed Pods Frameworks */,
				480F7C84EEA781B941726A21 /* [CP] Copy Pods Resources */,
			);
			buildRules = (
			);
			dependencies = (
			);
			name = WeatherApp;
			productName = WeatherApp;
			productReference = 912458E11E554131001EB821 /* WeatherApp.app */;
			productType = "com.apple.product-type.application";
		};
		912458F41E554131001EB821 /* WeatherAppTests */ = {
			isa = PBXNativeTarget;
			buildConfigurationList = 9124590C1E554132001EB821 /* Build configuration list for PBXNativeTarget "WeatherAppTests" */;
			buildPhases = (
				912458F11E554131001EB821 /* Sources */,
				912458F21E554131001EB821 /* Frameworks */,
				912458F31E554131001EB821 /* Resources */,
			);
			buildRules = (
			);
			dependencies = (
				912458F71E554131001EB821 /* PBXTargetDependency */,
			);
			name = WeatherAppTests;
			productName = WeatherAppTests;
			productReference = 912458F51E554131001EB821 /* WeatherAppTests.xctest */;
			productType = "com.apple.product-type.bundle.unit-test";
		};
		912458FF1E554132001EB821 /* WeatherAppUITests */ = {
			isa = PBXNativeTarget;
			buildConfigurationList = 9124590F1E554132001EB821 /* Build configuration list for PBXNativeTarget "WeatherAppUITests" */;
			buildPhases = (
				912458FC1E554132001EB821 /* Sources */,
				912458FD1E554132001EB821 /* Frameworks */,
				912458FE1E554132001EB821 /* Resources */,
			);
			buildRules = (
			);
			dependencies = (
				912459021E554132001EB821 /* PBXTargetDependency */,
			);
			name = WeatherAppUITests;
			productName = WeatherAppUITests;
			productReference = 912459001E554132001EB821 /* WeatherAppUITests.xctest */;
			productType = "com.apple.product-type.bundle.ui-testing";
		};
/* End PBXNativeTarget section */

/* Begin PBXProject section */
		912458D91E554131001EB821 /* Project object */ = {
			isa = PBXProject;
			attributes = {
				LastSwiftUpdateCheck = 0820;
				LastUpgradeCheck = 0820;
				ORGANIZATIONNAME = SeanPerez;
				TargetAttributes = {
					912458E01E554131001EB821 = {
						CreatedOnToolsVersion = 8.2.1;
						DevelopmentTeam = PW5CGBBSUC;
						ProvisioningStyle = Automatic;
					};
					912458F41E554131001EB821 = {
						CreatedOnToolsVersion = 8.2.1;
						DevelopmentTeam = PW5CGBBSUC;
						ProvisioningStyle = Automatic;
						TestTargetID = 912458E01E554131001EB821;
					};
					912458FF1E554132001EB821 = {
						CreatedOnToolsVersion = 8.2.1;
						DevelopmentTeam = PW5CGBBSUC;
						ProvisioningStyle = Automatic;
						TestTargetID = 912458E01E554131001EB821;
					};
				};
			};
			buildConfigurationList = 912458DC1E554131001EB821 /* Build configuration list for PBXProject "WeatherApp" */;
			compatibilityVersion = "Xcode 3.2";
			developmentRegion = English;
			hasScannedForEncodings = 0;
			knownRegions = (
				en,
				Base,
			);
			mainGroup = 912458D81E554131001EB821;
			productRefGroup = 912458E21E554131001EB821 /* Products */;
			projectDirPath = "";
			projectRoot = "";
			targets = (
				912458E01E554131001EB821 /* WeatherApp */,
				912458F41E554131001EB821 /* WeatherAppTests */,
				912458FF1E554132001EB821 /* WeatherAppUITests */,
			);
		};
/* End PBXProject section */

/* Begin PBXResourcesBuildPhase section */
		912458DF1E554131001EB821 /* Resources */ = {
			isa = PBXResourcesBuildPhase;
			buildActionMask = 2147483647;
			files = (
				912458EF1E554131001EB821 /* LaunchScreen.storyboard in Resources */,
				912458EC1E554131001EB821 /* Assets.xcassets in Resources */,
				912458EA1E554131001EB821 /* Main.storyboard in Resources */,
			);
			runOnlyForDeploymentPostprocessing = 0;
		};
		912458F31E554131001EB821 /* Resources */ = {
			isa = PBXResourcesBuildPhase;
			buildActionMask = 2147483647;
			files = (
			);
			runOnlyForDeploymentPostprocessing = 0;
		};
		912458FE1E554132001EB821 /* Resources */ = {
			isa = PBXResourcesBuildPhase;
			buildActionMask = 2147483647;
			files = (
			);
			runOnlyForDeploymentPostprocessing = 0;
		};
/* End PBXResourcesBuildPhase section */

/* Begin PBXShellScriptBuildPhase section */
		480F7C84EEA781B941726A21 /* [CP] Copy Pods Resources */ = {
			isa = PBXShellScriptBuildPhase;
			buildActionMask = 2147483647;
			files = (
			);
			inputPaths = (
			);
			name = "[CP] Copy Pods Resources";
			outputPaths = (
			);
			runOnlyForDeploymentPostprocessing = 0;
			shellPath = /bin/sh;
			shellScript = "\"${SRCROOT}/Pods/Target Support Files/Pods-WeatherApp/Pods-WeatherApp-resources.sh\"\n";
			showEnvVarsInLog = 0;
		};
		784BD4D3EEA4C935F5D32F54 /* [CP] Check Pods Manifest.lock */ = {
			isa = PBXShellScriptBuildPhase;
			buildActionMask = 2147483647;
			files = (
			);
			inputPaths = (
			);
			name = "[CP] Check Pods Manifest.lock";
			outputPaths = (
			);
			runOnlyForDeploymentPostprocessing = 0;
			shellPath = /bin/sh;
			shellScript = "diff \"${PODS_ROOT}/../Podfile.lock\" \"${PODS_ROOT}/Manifest.lock\" > /dev/null\nif [ $? != 0 ] ; then\n    # print error to STDERR\n    echo \"error: The sandbox is not in sync with the Podfile.lock. Run 'pod install' or update your CocoaPods installation.\" >&2\n    exit 1\nfi\n";
			showEnvVarsInLog = 0;
		};
		D4D39238A1BA3EE4456AF695 /* [CP] Embed Pods Frameworks */ = {
			isa = PBXShellScriptBuildPhase;
			buildActionMask = 2147483647;
			files = (
			);
			inputPaths = (
			);
			name = "[CP] Embed Pods Frameworks";
			outputPaths = (
			);
			runOnlyForDeploymentPostprocessing = 0;
			shellPath = /bin/sh;
			shellScript = "\"${SRCROOT}/Pods/Target Support Files/Pods-WeatherApp/Pods-WeatherApp-frameworks.sh\"\n";
			showEnvVarsInLog = 0;
		};
/* End PBXShellScriptBuildPhase section */

/* Begin PBXSourcesBuildPhase section */
		912458DD1E554131001EB821 /* Sources */ = {
			isa = PBXSourcesBuildPhase;
			buildActionMask = 2147483647;
			files = (
				912458E71E554131001EB821 /* WeatherVC.swift in Sources */,
				912458E51E554131001EB821 /* AppDelegate.swift in Sources */,
				9120EF651E56EA940038F265 /* WeatherCell.swift in Sources */,
				912459181E556DF0001EB821 /* CurrentWeather.swift in Sources */,
				912459161E55698F001EB821 /* Constants.swift in Sources */,
				9120EF631E56DC040038F265 /* Forecast.swift in Sources */,
				911FC2431E58063200230EC0 /* Location.swift in Sources */,
			);
			runOnlyForDeploymentPostprocessing = 0;
		};
		912458F11E554131001EB821 /* Sources */ = {
			isa = PBXSourcesBuildPhase;
			buildActionMask = 2147483647;
			files = (
				912458FA1E554131001EB821 /* WeatherAppTests.swift in Sources */,
			);
			runOnlyForDeploymentPostprocessing = 0;
		};
		912458FC1E554132001EB821 /* Sources */ = {
			isa = PBXSourcesBuildPhase;
			buildActionMask = 2147483647;
			files = (
				912459051E554132001EB821 /* WeatherAppUITests.swift in Sources */,
			);
			runOnlyForDeploymentPostprocessing = 0;
		};
/* End PBXSourcesBuildPhase section */

/* Begin PBXTargetDependency section */
		912458F71E554131001EB821 /* PBXTargetDependency */ = {
			isa = PBXTargetDependency;
			target = 912458E01E554131001EB821 /* WeatherApp */;
			targetProxy = 912458F61E554131001EB821 /* PBXContainerItemProxy */;
		};
		912459021E554132001EB821 /* PBXTargetDependency */ = {
			isa = PBXTargetDependency;
			target = 912458E01E554131001EB821 /* WeatherApp */;
			targetProxy = 912459011E554132001EB821 /* PBXContainerItemProxy */;
		};
/* End PBXTargetDependency section */

/* Begin PBXVariantGroup section */
		912458E81E554131001EB821 /* Main.storyboard */ = {
			isa = PBXVariantGroup;
			children = (
				912458E91E554131001EB821 /* Base */,
			);
			name = Main.storyboard;
			sourceTree = "<group>";
		};
		912458ED1E554131001EB821 /* LaunchScreen.storyboard */ = {
			isa = PBXVariantGroup;
			children = (
				912458EE1E554131001EB821 /* Base */,
			);
			name = LaunchScreen.storyboard;
			sourceTree = "<group>";
		};
/* End PBXVariantGroup section */

/* Begin XCBuildConfiguration section */
		912459071E554132001EB821 /* Debug */ = {
			isa = XCBuildConfiguration;
			buildSettings = {
				ALWAYS_SEARCH_USER_PATHS = NO;
				CLANG_ANALYZER_NONNULL = YES;
				CLANG_CXX_LANGUAGE_STANDARD = "gnu++0x";
				CLANG_CXX_LIBRARY = "libc++";
				CLANG_ENABLE_MODULES = YES;
				CLANG_ENABLE_OBJC_ARC = YES;
				CLANG_WARN_BOOL_CONVERSION = YES;
				CLANG_WARN_CONSTANT_CONVERSION = YES;
				CLANG_WARN_DIRECT_OBJC_ISA_USAGE = YES_ERROR;
				CLANG_WARN_DOCUMENTATION_COMMENTS = YES;
				CLANG_WARN_EMPTY_BODY = YES;
				CLANG_WARN_ENUM_CONVERSION = YES;
				CLANG_WARN_INFINITE_RECURSION = YES;
				CLANG_WARN_INT_CONVERSION = YES;
				CLANG_WARN_OBJC_ROOT_CLASS = YES_ERROR;
				CLANG_WARN_SUSPICIOUS_MOVE = YES;
				CLANG_WARN_UNREACHABLE_CODE = YES;
				CLANG_WARN__DUPLICATE_METHOD_MATCH = YES;
				"CODE_SIGN_IDENTITY[sdk=iphoneos*]" = "iPhone Developer";
				COPY_PHASE_STRIP = NO;
				DEBUG_INFORMATION_FORMAT = dwarf;
				ENABLE_STRICT_OBJC_MSGSEND = YES;
				ENABLE_TESTABILITY = YES;
				GCC_C_LANGUAGE_STANDARD = gnu99;
				GCC_DYNAMIC_NO_PIC = NO;
				GCC_NO_COMMON_BLOCKS = YES;
				GCC_OPTIMIZATION_LEVEL = 0;
				GCC_PREPROCESSOR_DEFINITIONS = (
					"DEBUG=1",
					"$(inherited)",
				);
				GCC_WARN_64_TO_32_BIT_CONVERSION = YES;
				GCC_WARN_ABOUT_RETURN_TYPE = YES_ERROR;
				GCC_WARN_UNDECLARED_SELECTOR = YES;
				GCC_WARN_UNINITIALIZED_AUTOS = YES_AGGRESSIVE;
				GCC_WARN_UNUSED_FUNCTION = YES;
				GCC_WARN_UNUSED_VARIABLE = YES;
				IPHONEOS_DEPLOYMENT_TARGET = 10.2;
				MTL_ENABLE_DEBUG_INFO = YES;
				ONLY_ACTIVE_ARCH = YES;
				SDKROOT = iphoneos;
				SWIFT_ACTIVE_COMPILATION_CONDITIONS = DEBUG;
				SWIFT_OPTIMIZATION_LEVEL = "-Onone";
				TARGETED_DEVICE_FAMILY = "1,2";
			};
			name = Debug;
		};
		912459081E554132001EB821 /* Release */ = {
			isa = XCBuildConfiguration;
			buildSettings = {
				ALWAYS_SEARCH_USER_PATHS = NO;
				CLANG_ANALYZER_NONNULL = YES;
				CLANG_CXX_LANGUAGE_STANDARD = "gnu++0x";
				CLANG_CXX_LIBRARY = "libc++";
				CLANG_ENABLE_MODULES = YES;
				CLANG_ENABLE_OBJC_ARC = YES;
				CLANG_WARN_BOOL_CONVERSION = YES;
				CLANG_WARN_CONSTANT_CONVERSION = YES;
				CLANG_WARN_DIRECT_OBJC_ISA_USAGE = YES_ERROR;
				CLANG_WARN_DOCUMENTATION_COMMENTS = YES;
				CLANG_WARN_EMPTY_BODY = YES;
				CLANG_WARN_ENUM_CONVERSION = YES;
				CLANG_WARN_INFINITE_RECURSION = YES;
				CLANG_WARN_INT_CONVERSION = YES;
				CLANG_WARN_OBJC_ROOT_CLASS = YES_ERROR;
				CLANG_WARN_SUSPICIOUS_MOVE = YES;
				CLANG_WARN_UNREACHABLE_CODE = YES;
				CLANG_WARN__DUPLICATE_METHOD_MATCH = YES;
				"CODE_SIGN_IDENTITY[sdk=iphoneos*]" = "iPhone Developer";
				COPY_PHASE_STRIP = NO;
				DEBUG_INFORMATION_FORMAT = "dwarf-with-dsym";
				ENABLE_NS_ASSERTIONS = NO;
				ENABLE_STRICT_OBJC_MSGSEND = YES;
				GCC_C_LANGUAGE_STANDARD = gnu99;
				GCC_NO_COMMON_BLOCKS = YES;
				GCC_WARN_64_TO_32_BIT_CONVERSION = YES;
				GCC_WARN_ABOUT_RETURN_TYPE = YES_ERROR;
				GCC_WARN_UNDECLARED_SELECTOR = YES;
				GCC_WARN_UNINITIALIZED_AUTOS = YES_AGGRESSIVE;
				GCC_WARN_UNUSED_FUNCTION = YES;
				GCC_WARN_UNUSED_VARIABLE = YES;
				IPHONEOS_DEPLOYMENT_TARGET = 10.2;
				MTL_ENABLE_DEBUG_INFO = NO;
				SDKROOT = iphoneos;
				SWIFT_OPTIMIZATION_LEVEL = "-Owholemodule";
				TARGETED_DEVICE_FAMILY = "1,2";
				VALIDATE_PRODUCT = YES;
			};
			name = Release;
		};
		9124590A1E554132001EB821 /* Debug */ = {
			isa = XCBuildConfiguration;
			baseConfigurationReference = 7C2AC644FB3FEB86358AB8A4 /* Pods-WeatherApp.debug.xcconfig */;
			buildSettings = {
				ASSETCATALOG_COMPILER_APPICON_NAME = AppIcon;
				DEVELOPMENT_TEAM = PW5CGBBSUC;
				INFOPLIST_FILE = WeatherApp/Info.plist;
				LD_RUNPATH_SEARCH_PATHS = "$(inherited) @executable_path/Frameworks";
				PRODUCT_BUNDLE_IDENTIFIER = com.SeanPerez.WeatherApp;
				PRODUCT_NAME = "$(TARGET_NAME)";
				SWIFT_VERSION = 3.0;
				TARGETED_DEVICE_FAMILY = 1;
			};
			name = Debug;
		};
		9124590B1E554132001EB821 /* Release */ = {
			isa = XCBuildConfiguration;
			baseConfigurationReference = 7FC18EFB63FE386221B30680 /* Pods-WeatherApp.release.xcconfig */;
			buildSettings = {
				ASSETCATALOG_COMPILER_APPICON_NAME = AppIcon;
				DEVELOPMENT_TEAM = PW5CGBBSUC;
				INFOPLIST_FILE = WeatherApp/Info.plist;
				LD_RUNPATH_SEARCH_PATHS = "$(inherited) @executable_path/Frameworks";
				PRODUCT_BUNDLE_IDENTIFIER = com.SeanPerez.WeatherApp;
				PRODUCT_NAME = "$(TARGET_NAME)";
				SWIFT_VERSION = 3.0;
				TARGETED_DEVICE_FAMILY = 1;
			};
			name = Release;
		};
		9124590D1E554132001EB821 /* Debug */ = {
			isa = XCBuildConfiguration;
			buildSettings = {
				ALWAYS_EMBED_SWIFT_STANDARD_LIBRARIES = YES;
				BUNDLE_LOADER = "$(TEST_HOST)";
				DEVELOPMENT_TEAM = PW5CGBBSUC;
				INFOPLIST_FILE = WeatherAppTests/Info.plist;
				LD_RUNPATH_SEARCH_PATHS = "$(inherited) @executable_path/Frameworks @loader_path/Frameworks";
				PRODUCT_BUNDLE_IDENTIFIER = com.SeanPerez.WeatherAppTests;
				PRODUCT_NAME = "$(TARGET_NAME)";
				SWIFT_VERSION = 3.0;
				TEST_HOST = "$(BUILT_PRODUCTS_DIR)/WeatherApp.app/WeatherApp";
			};
			name = Debug;
		};
		9124590E1E554132001EB821 /* Release */ = {
			isa = XCBuildConfiguration;
			buildSettings = {
				ALWAYS_EMBED_SWIFT_STANDARD_LIBRARIES = YES;
				BUNDLE_LOADER = "$(TEST_HOST)";
				DEVELOPMENT_TEAM = PW5CGBBSUC;
				INFOPLIST_FILE = WeatherAppTests/Info.plist;
				LD_RUNPATH_SEARCH_PATHS = "$(inherited) @executable_path/Frameworks @loader_path/Frameworks";
				PRODUCT_BUNDLE_IDENTIFIER = com.SeanPerez.WeatherAppTests;
				PRODUCT_NAME = "$(TARGET_NAME)";
				SWIFT_VERSION = 3.0;
				TEST_HOST = "$(BUILT_PRODUCTS_DIR)/WeatherApp.app/WeatherApp";
			};
			name = Release;
		};
		912459101E554132001EB821 /* Debug */ = {
			isa = XCBuildConfiguration;
			buildSettings = {
				ALWAYS_EMBED_SWIFT_STANDARD_LIBRARIES = YES;
				DEVELOPMENT_TEAM = PW5CGBBSUC;
				INFOPLIST_FILE = WeatherAppUITests/Info.plist;
				LD_RUNPATH_SEARCH_PATHS = "$(inherited) @executable_path/Frameworks @loader_path/Frameworks";
				PRODUCT_BUNDLE_IDENTIFIER = com.SeanPerez.WeatherAppUITests;
				PRODUCT_NAME = "$(TARGET_NAME)";
				SWIFT_VERSION = 3.0;
				TEST_TARGET_NAME = WeatherApp;
			};
			name = Debug;
		};
		912459111E554132001EB821 /* Release */ = {
			isa = XCBuildConfiguration;
			buildSettings = {
				ALWAYS_EMBED_SWIFT_STANDARD_LIBRARIES = YES;
				DEVELOPMENT_TEAM = PW5CGBBSUC;
				INFOPLIST_FILE = WeatherAppUITests/Info.plist;
				LD_RUNPATH_SEARCH_PATHS = "$(inherited) @executable_path/Frameworks @loader_path/Frameworks";
				PRODUCT_BUNDLE_IDENTIFIER = com.SeanPerez.WeatherAppUITests;
				PRODUCT_NAME = "$(TARGET_NAME)";
				SWIFT_VERSION = 3.0;
				TEST_TARGET_NAME = WeatherApp;
			};
			name = Release;
		};
/* End XCBuildConfiguration section */

/* Begin XCConfigurationList section */
		912458DC1E554131001EB821 /* Build configuration list for PBXProject "WeatherApp" */ = {
			isa = XCConfigurationList;
			buildConfigurations = (
				912459071E554132001EB821 /* Debug */,
				912459081E554132001EB821 /* Release */,
			);
			defaultConfigurationIsVisible = 0;
			defaultConfigurationName = Release;
		};
		912459091E554132001EB821 /* Build configuration list for PBXNativeTarget "WeatherApp" */ = {
			isa = XCConfigurationList;
			buildConfigurations = (
				9124590A1E554132001EB821 /* Debug */,
				9124590B1E554132001EB821 /* Release */,
			);
			defaultConfigurationIsVisible = 0;
			defaultConfigurationName = Release;
		};
		9124590C1E554132001EB821 /* Build configuration list for PBXNativeTarget "WeatherAppTests" */ = {
			isa = XCConfigurationList;
			buildConfigurations = (
				9124590D1E554132001EB821 /* Debug */,
				9124590E1E554132001EB821 /* Release */,
			);
			defaultConfigurationIsVisible = 0;
			defaultConfigurationName = Release;
		};
		9124590F1E554132001EB821 /* Build configuration list for PBXNativeTarget "WeatherAppUITests" */ = {
			isa = XCConfigurationList;
			buildConfigurations = (
				912459101E554132001EB821 /* Debug */,
				912459111E554132001EB821 /* Release */,
			);
			defaultConfigurationIsVisible = 0;
			defaultConfigurationName = Release;
		};
/* End XCConfigurationList section */
	};
	rootObject = 912458D91E554131001EB821 /* Project object */;
}
